
Microsoft Visual Studio Solution File, Format Version 12.00
# Visual Studio Version 17
VisualStudioVersion = 17.13.35806.99 d17.13
MinimumVisualStudioVersion = 10.0.40219.1
Project("{FAE04EC0-301F-11D3-BF4B-00C04F79EFBC}") = "u24989003_INF272_Prac_2", "u24989003_INF272_Prac_2\u24989003_INF272_Prac_2.csproj", "{BE9F0F0E-37A2-47E1-BCC2-5E080CF2FD3E}"
EndProject
Global
	GlobalSection(SolutionConfigurationPlatforms) = preSolution
		Debug|Any CPU = Debug|Any CPU
		Release|Any CPU = Release|Any CPU
	EndGlobalSection
	GlobalSection(ProjectConfigurationPlatforms) = postSolution
		{BE9F0F0E-37A2-47E1-BCC2-5E080CF2FD3E}.Debug|Any CPU.ActiveCfg = Debug|Any CPU
		{BE9F0F0E-37A2-47E1-BCC2-5E080CF2FD3E}.Debug|Any CPU.Build.0 = Debug|Any CPU
		{BE9F0F0E-37A2-47E1-BCC2-5E080CF2FD3E}.Release|Any CPU.ActiveCfg = Release|Any CPU
		{BE9F0F0E-37A2-47E1-BCC2-5E080CF2FD3E}.Release|Any CPU.Build.0 = Release|Any CPU
	EndGlobalSection
	GlobalSection(SolutionProperties) = preSolution
		HideSolutionNode = FALSE
	EndGlobalSection
	GlobalSection(ExtensibilityGlobals) = postSolution
		SolutionGuid = {21139249-F258-4A6A-BFA9-D5F60E4B463B}
	EndGlobalSection
EndGlobal
